
Microsoft Visual Studio Solution File, Format Version 12.00
Project("{FAE04EC0-301F-11D3-BF4B-00C04F79EFBC}") = "Mission08Group13", "Mission08Group13\Mission08Group13.csproj", "{0CD86F93-ADA8-4B80-BFB5-5CA9FFB0FA0C}"
EndProject
Global
	GlobalSection(SolutionConfigurationPlatforms) = preSolution
		Debug|Any CPU = Debug|Any CPU
		Release|Any CPU = Release|Any CPU
	EndGlobalSection
	GlobalSection(ProjectConfigurationPlatforms) = postSolution
		{0CD86F93-ADA8-4B80-BFB5-5CA9FFB0FA0C}.Debug|Any CPU.ActiveCfg = Debug|Any CPU
		{0CD86F93-ADA8-4B80-BFB5-5CA9FFB0FA0C}.Debug|Any CPU.Build.0 = Debug|Any CPU
		{0CD86F93-ADA8-4B80-BFB5-5CA9FFB0FA0C}.Release|Any CPU.ActiveCfg = Release|Any CPU
		{0CD86F93-ADA8-4B80-BFB5-5CA9FFB0FA0C}.Release|Any CPU.Build.0 = Release|Any CPU
	EndGlobalSection
EndGlobal
